
Microsoft Visual Studio Solution File, Format Version 11.00
# Visual Studio 2010
Project("{FAE04EC0-301F-11D3-BF4B-00C04F79EFBC}") = "Deap.SwedishDays", "Deap.SwedishDays\Deap.SwedishDays.csproj", "{0871404C-93CF-4ADB-B263-D2B35C6E5EE3}"
EndProject
Project("{FAE04EC0-301F-11D3-BF4B-00C04F79EFBC}") = "SwedishDaysConsole", "SwedishDaysConsole\SwedishDaysConsole.csproj", "{8B3F935D-7909-4414-A1B7-CEDF41D0A945}"
EndProject
Global
	GlobalSection(SolutionConfigurationPlatforms) = preSolution
		Debug|Any CPU = Debug|Any CPU
		Debug|Mixed Platforms = Debug|Mixed Platforms
		Debug|x86 = Debug|x86
		Release|Any CPU = Release|Any CPU
		Release|Mixed Platforms = Release|Mixed Platforms
		Release|x86 = Release|x86
	EndGlobalSection
	GlobalSection(ProjectConfigurationPlatforms) = postSolution
		{0871404C-93CF-4ADB-B263-D2B35C6E5EE3}.Debug|Any CPU.ActiveCfg = Debug|Any CPU
		{0871404C-93CF-4ADB-B263-D2B35C6E5EE3}.Debug|Any CPU.Build.0 = Debug|Any CPU
		{0871404C-93CF-4ADB-B263-D2B35C6E5EE3}.Debug|Mixed Platforms.ActiveCfg = Debug|Any CPU
		{0871404C-93CF-4ADB-B263-D2B35C6E5EE3}.Debug|Mixed Platforms.Build.0 = Debug|Any CPU
		{0871404C-93CF-4ADB-B263-D2B35C6E5EE3}.Debug|x86.ActiveCfg = Debug|Any CPU
		{0871404C-93CF-4ADB-B263-D2B35C6E5EE3}.Release|Any CPU.ActiveCfg = Release|Any CPU
		{0871404C-93CF-4ADB-B263-D2B35C6E5EE3}.Release|Any CPU.Build.0 = Release|Any CPU
		{0871404C-93CF-4ADB-B263-D2B35C6E5EE3}.Release|Mixed Platforms.ActiveCfg = Release|Any CPU
		{0871404C-93CF-4ADB-B263-D2B35C6E5EE3}.Release|Mixed Platforms.Build.0 = Release|Any CPU
		{0871404C-93CF-4ADB-B263-D2B35C6E5EE3}.Release|x86.ActiveCfg = Release|Any CPU
		{8B3F935D-7909-4414-A1B7-CEDF41D0A945}.Debug|Any CPU.ActiveCfg = Debug|x86
		{8B3F935D-7909-4414-A1B7-CEDF41D0A945}.Debug|Mixed Platforms.ActiveCfg = Debug|x86
		{8B3F935D-7909-4414-A1B7-CEDF41D0A945}.Debug|Mixed Platforms.Build.0 = Debug|x86
		{8B3F935D-7909-4414-A1B7-CEDF41D0A945}.Debug|x86.ActiveCfg = Debug|x86
		{8B3F935D-7909-4414-A1B7-CEDF41D0A945}.Debug|x86.Build.0 = Debug|x86
		{8B3F935D-7909-4414-A1B7-CEDF41D0A945}.Release|Any CPU.ActiveCfg = Release|x86
		{8B3F935D-7909-4414-A1B7-CEDF41D0A945}.Release|Mixed Platforms.ActiveCfg = Release|x86
		{8B3F935D-7909-4414-A1B7-CEDF41D0A945}.Release|Mixed Platforms.Build.0 = Release|x86
		{8B3F935D-7909-4414-A1B7-CEDF41D0A945}.Release|x86.ActiveCfg = Release|x86
		{8B3F935D-7909-4414-A1B7-CEDF41D0A945}.Release|x86.Build.0 = Release|x86
	EndGlobalSection
	GlobalSection(SolutionProperties) = preSolution
		HideSolutionNode = FALSE
	EndGlobalSection
EndGlobal
